// !$*UTF8*$!
{
	archiveVersion = 1;
	classes = {
	};
	objectVersion = 46;
	objects = {

/* Begin PBXBuildFile section */
		188EF1B11CFE810800E86D51 /* main.m in Sources */ = {isa = PBXBuildFile; fileRef = 188EF1B01CFE810800E86D51 /* main.m */; };
		188EF1B41CFE810800E86D51 /* AppDelegate.m in Sources */ = {isa = PBXBuildFile; fileRef = 188EF1B31CFE810800E86D51 /* AppDelegate.m */; };
		188EF1B71CFE810800E86D51 /* ViewController.m in Sources */ = {isa = PBXBuildFile; fileRef = 188EF1B61CFE810800E86D51 /* ViewController.m */; };
		188EF1BA1CFE810800E86D51 /* Main.storyboard in Resources */ = {isa = PBXBuildFile; fileRef = 188EF1B81CFE810800E86D51 /* Main.storyboard */; };
		188EF1BC1CFE810800E86D51 /* Assets.xcassets in Resources */ = {isa = PBXBuildFile; fileRef = 188EF1BB1CFE810800E86D51 /* Assets.xcassets */; };
		188EF1BF1CFE810800E86D51 /* LaunchScreen.storyboard in Resources */ = {isa = PBXBuildFile; fileRef = 188EF1BD1CFE810800E86D51 /* LaunchScreen.storyboard */; };
		188EF1C81CFE81AE00E86D51 /* SZYKeychain.m in Sources */ = {isa = PBXBuildFile; fileRef = 188EF1C71CFE81AE00E86D51 /* SZYKeychain.m */; settings = {ASSET_TAGS = (); }; };
		188EF1F01CFED7AD00E86D51 /* DataManager.m in Sources */ = {isa = PBXBuildFile; fileRef = 188EF1EF1CFED7AD00E86D51 /* DataManager.m */; settings = {ASSET_TAGS = (); }; };
/* End PBXBuildFile section */

/* Begin PBXFileReference section */
		188EF1AC1CFE810800E86D51 /* Keychain_Demo.app */ = {isa = PBXFileReference; explicitFileType = wrapper.application; includeInIndex = 0; path = Keychain_Demo.app; sourceTree = BUILT_PRODUCTS_DIR; };
		188EF1B01CFE810800E86D51 /* main.m */ = {isa = PBXFileReference; lastKnownFileType = sourcecode.c.objc; path = main.m; sourceTree = "<group>"; };
		188EF1B21CFE810800E86D51 /* AppDelegate.h */ = {isa = PBXFileReference; lastKnownFileType = sourcecode.c.h; path = AppDelegate.h; sourceTree = "<group>"; };
		188EF1B31CFE810800E86D51 /* AppDelegate.m */ = {isa = PBXFileReference; lastKnownFileType = sourcecode.c.objc; path = AppDelegate.m; sourceTree = "<group>"; };
		188EF1B51CFE810800E86D51 /* ViewController.h */ = {isa = PBXFileReference; lastKnownFileType = sourcecode.c.h; path = ViewController.h; sourceTree = "<group>"; };
		188EF1B61CFE810800E86D51 /* ViewController.m */ = {isa = PBXFileReference; lastKnownFileType = sourcecode.c.objc; path = ViewController.m; sourceTree = "<group>"; };
		188EF1B91CFE810800E86D51 /* Base */ = {isa = PBXFileReference; lastKnownFileType = file.storyboard; name = Base; path = Base.lproj/Main.storyboard; sourceTree = "<group>"; };
		188EF1BB1CFE810800E86D51 /* Assets.xcassets */ = {isa = PBXFileReference; lastKnownFileType = folder.assetcatalog; path = Assets.xcassets; sourceTree = "<group>"; };
		188EF1BE1CFE810800E86D51 /* Base */ = {isa = PBXFileReference; lastKnownFileType = file.storyboard; name = Base; path = Base.lproj/LaunchScreen.storyboard; sourceTree = "<group>"; };
		188EF1C01CFE810800E86D51 /* Info.plist */ = {isa = PBXFileReference; lastKnownFileType = text.plist.xml; path = Info.plist; sourceTree = "<group>"; };
		188EF1C61CFE81AE00E86D51 /* SZYKeychain.h */ = {isa = PBXFileReference; fileEncoding = 4; lastKnownFileType = sourcecode.c.h; path = SZYKeychain.h; sourceTree = "<group>"; };
		188EF1C71CFE81AE00E86D51 /* SZYKeychain.m */ = {isa = PBXFileReference; fileEncoding = 4; lastKnownFileType = sourcecode.c.objc; path = SZYKeychain.m; sourceTree = "<group>"; };
		188EF1EE1CFED7AD00E86D51 /* DataManager.h */ = {isa = PBXFileReference; fileEncoding = 4; lastKnownFileType = sourcecode.c.h; path = DataManager.h; sourceTree = "<group>"; };
		188EF1EF1CFED7AD00E86D51 /* DataManager.m */ = {isa = PBXFileReference; fileEncoding = 4; lastKnownFileType = sourcecode.c.objc; path = DataManager.m; sourceTree = "<group>"; };
/* End PBXFileReference section */

/* Begin PBXFrameworksBuildPhase section */
		188EF1A91CFE810800E86D51 /* Frameworks */ = {
			isa = PBXFrameworksBuildPhase;
			buildActionMask = 2147483647;
			files = (
			);
			runOnlyForDeploymentPostprocessing = 0;
		};
/* End PBXFrameworksBuildPhase section */

/* Begin PBXGroup section */
		188EF1A31CFE810800E86D51 = {
			isa = PBXGroup;
			children = (
				188EF1AE1CFE810800E86D51 /* Keychain_Demo */,
				188EF1AD1CFE810800E86D51 /* Products */,
			);
			sourceTree = "<group>";
		};
		188EF1AD1CFE810800E86D51 /* Products */ = {
			isa = PBXGroup;
			children = (
				188EF1AC1CFE810800E86D51 /* Keychain_Demo.app */,
			);
			name = Products;
			sourceTree = "<group>";
		};
		188EF1AE1CFE810800E86D51 /* Keychain_Demo */ = {
			isa = PBXGroup;
			children = (
				188EF1B21CFE810800E86D51 /* AppDelegate.h */,
				188EF1B31CFE810800E86D51 /* AppDelegate.m */,
				188EF1B51CFE810800E86D51 /* ViewController.h */,
				188EF1B61CFE810800E86D51 /* ViewController.m */,
				188EF1B81CFE810800E86D51 /* Main.storyboard */,
				188EF1C61CFE81AE00E86D51 /* SZYKeychain.h */,
				188EF1C71CFE81AE00E86D51 /* SZYKeychain.m */,
				188EF1EE1CFED7AD00E86D51 /* DataManager.h */,
				188EF1EF1CFED7AD00E86D51 /* DataManager.m */,
				188EF1BB1CFE810800E86D51 /* Assets.xcassets */,
				188EF1BD1CFE810800E86D51 /* LaunchScreen.storyboard */,
				188EF1C01CFE810800E86D51 /* Info.plist */,
				188EF1AF1CFE810800E86D51 /* Supporting Files */,
			);
			path = Keychain_Demo;
			sourceTree = "<group>";
		};
		188EF1AF1CFE810800E86D51 /* Supporting Files */ = {
			isa = PBXGroup;
			children = (
				188EF1B01CFE810800E86D51 /* main.m */,
			);
			name = "Supporting Files";
			sourceTree = "<group>";
		};
/* End PBXGroup section */

/* Begin PBXNativeTarget section */
		188EF1AB1CFE810800E86D51 /* Keychain_Demo */ = {
			isa = PBXNativeTarget;
			buildConfigurationList = 188EF1C31CFE810800E86D51 /* Build configuration list for PBXNativeTarget "Keychain_Demo" */;
			buildPhases = (
				188EF1A81CFE810800E86D51 /* Sources */,
				188EF1A91CFE810800E86D51 /* Frameworks */,
				188EF1AA1CFE810800E86D51 /* Resources */,
			);
			buildRules = (
			);
			dependencies = (
			);
			name = Keychain_Demo;
			productName = Keychain_Demo;
			productReference = 188EF1AC1CFE810800E86D51 /* Keychain_Demo.app */;
			productType = "com.apple.product-type.application";
		};
/* End PBXNativeTarget section */

/* Begin PBXProject section */
		188EF1A41CFE810800E86D51 /* Project object */ = {
			isa = PBXProject;
			attributes = {
				LastUpgradeCheck = 0700;
				ORGANIZATIONNAME = apple;
				TargetAttributes = {
					188EF1AB1CFE810800E86D51 = {
						CreatedOnToolsVersion = 7.0;
					};
				};
			};
			buildConfigurationList = 188EF1A71CFE810800E86D51 /* Build configuration list for PBXProject "Keychain_Demo" */;
			compatibilityVersion = "Xcode 3.2";
			developmentRegion = English;
			hasScannedForEncodings = 0;
			knownRegions = (
				en,
				Base,
			);
			mainGroup = 188EF1A31CFE810800E86D51;
			productRefGroup = 188EF1AD1CFE810800E86D51 /* Products */;
			projectDirPath = "";
			projectRoot = "";
			targets = (
				188EF1AB1CFE810800E86D51 /* Keychain_Demo */,
			);
		};
/* End PBXProject section */

/* Begin PBXResourcesBuildPhase section */
		188EF1AA1CFE810800E86D51 /* Resources */ = {
			isa = PBXResourcesBuildPhase;
			buildActionMask = 2147483647;
			files = (
				188EF1BF1CFE810800E86D51 /* LaunchScreen.storyboard in Resources */,
				188EF1BC1CFE810800E86D51 /* Assets.xcassets in Resources */,
				188EF1BA1CFE810800E86D51 /* Main.storyboard in Resources */,
			);
			runOnlyForDeploymentPostprocessing = 0;
		};
/* End PBXResourcesBuildPhase section */

/* Begin PBXSourcesBuildPhase section */
		188EF1A81CFE810800E86D51 /* Sources */ = {
			isa = PBXSourcesBuildPhase;
			buildActionMask = 2147483647;
			files = (
				188EF1F01CFED7AD00E86D51 /* DataManager.m in Sources */,
				188EF1B71CFE810800E86D51 /* ViewController.m in Sources */,
				188EF1B41CFE810800E86D51 /* AppDelegate.m in Sources */,
				188EF1C81CFE81AE00E86D51 /* SZYKeychain.m in Sources */,
				188EF1B11CFE810800E86D51 /* main.m in Sources */,
			);
			runOnlyForDeploymentPostprocessing = 0;
		};
/* End PBXSourcesBuildPhase section */

/* Begin PBXVariantGroup section */
		188EF1B81CFE810800E86D51 /* Main.storyboard */ = {
			isa = PBXVariantGroup;
			children = (
				188EF1B91CFE810800E86D51 /* Base */,
			);
			name = Main.storyboard;
			sourceTree = "<group>";
		};
		188EF1BD1CFE810800E86D51 /* LaunchScreen.storyboard */ = {
			isa = PBXVariantGroup;
			children = (
				188EF1BE1CFE810800E86D51 /* Base */,
			);
			name = LaunchScreen.storyboard;
			sourceTree = "<group>";
		};
/* End PBXVariantGroup section */

/* Begin XCBuildConfiguration section */
		188EF1C11CFE810800E86D51 /* Debug */ = {
			isa = XCBuildConfiguration;
			buildSettings = {
				ALWAYS_SEARCH_USER_PATHS = NO;
				CLANG_CXX_LANGUAGE_STANDARD = "gnu++0x";
				CLANG_CXX_LIBRARY = "libc++";
				CLANG_ENABLE_MODULES = YES;
				CLANG_ENABLE_OBJC_ARC = YES;
				CLANG_WARN_BOOL_CONVERSION = YES;
				CLANG_WARN_CONSTANT_CONVERSION = YES;
				CLANG_WARN_DIRECT_OBJC_ISA_USAGE = YES_ERROR;
				CLANG_WARN_EMPTY_BODY = YES;
				CLANG_WARN_ENUM_CONVERSION = YES;
				CLANG_WARN_INT_CONVERSION = YES;
				CLANG_WARN_OBJC_ROOT_CLASS = YES_ERROR;
				CLANG_WARN_UNREACHABLE_CODE = YES;
				CLANG_WARN__DUPLICATE_METHOD_MATCH = YES;
				"CODE_SIGN_IDENTITY[sdk=iphoneos*]" = "iPhone Developer";
				COPY_PHASE_STRIP = NO;
				DEBUG_INFORMATION_FORMAT = dwarf;
				ENABLE_STRICT_OBJC_MSGSEND = YES;
				ENABLE_TESTABILITY = YES;
				GCC_C_LANGUAGE_STANDARD = gnu99;
				GCC_DYNAMIC_NO_PIC = NO;
				GCC_NO_COMMON_BLOCKS = YES;
				GCC_OPTIMIZATION_LEVEL = 0;
				GCC_PREPROCESSOR_DEFINITIONS = (
					"DEBUG=1",
					"$(inherited)",
				);
				GCC_WARN_64_TO_32_BIT_CONVERSION = YES;
				GCC_WARN_ABOUT_RETURN_TYPE = YES_ERROR;
				GCC_WARN_UNDECLARED_SELECTOR = YES;
				GCC_WARN_UNINITIALIZED_AUTOS = YES_AGGRESSIVE;
				GCC_WARN_UNUSED_FUNCTION = YES;
				GCC_WARN_UNUSED_VARIABLE = YES;
				IPHONEOS_DEPLOYMENT_TARGET = 9.0;
				MTL_ENABLE_DEBUG_INFO = YES;
				ONLY_ACTIVE_ARCH = YES;
				SDKROOT = iphoneos;
			};
			name = Debug;
		};
		188EF1C21CFE810800E86D51 /* Release */ = {
			isa = XCBuildConfiguration;
			buildSettings = {
				ALWAYS_SEARCH_USER_PATHS = NO;
				CLANG_CXX_LANGUAGE_STANDARD = "gnu++0x";
				CLANG_CXX_LIBRARY = "libc++";
				CLANG_ENABLE_MODULES = YES;
				CLANG_ENABLE_OBJC_ARC = YES;
				CLANG_WARN_BOOL_CONVERSION = YES;
				CLANG_WARN_CONSTANT_CONVERSION = YES;
				CLANG_WARN_DIRECT_OBJC_ISA_USAGE = YES_ERROR;
				CLANG_WARN_EMPTY_BODY = YES;
				CLANG_WARN_ENUM_CONVERSION = YES;
				CLANG_WARN_INT_CONVERSION = YES;
				CLANG_WARN_OBJC_ROOT_CLASS = YES_ERROR;
				CLANG_WARN_UNREACHABLE_CODE = YES;
				CLANG_WARN__DUPLICATE_METHOD_MATCH = YES;
				"CODE_SIGN_IDENTITY[sdk=iphoneos*]" = "iPhone Developer";
				COPY_PHASE_STRIP = NO;
				DEBUG_INFORMATION_FORMAT = "dwarf-with-dsym";
				ENABLE_NS_ASSERTIONS = NO;
				ENABLE_STRICT_OBJC_MSGSEND = YES;
				GCC_C_LANGUAGE_STANDARD = gnu99;
				GCC_NO_COMMON_BLOCKS = YES;
				GCC_WARN_64_TO_32_BIT_CONVERSION = YES;
				GCC_WARN_ABOUT_RETURN_TYPE = YES_ERROR;
				GCC_WARN_UNDECLARED_SELECTOR = YES;
				GCC_WARN_UNINITIALIZED_AUTOS = YES_AGGRESSIVE;
				GCC_WARN_UNUSED_FUNCTION = YES;
				GCC_WARN_UNUSED_VARIABLE = YES;
				IPHONEOS_DEPLOYMENT_TARGET = 9.0;
				MTL_ENABLE_DEBUG_INFO = NO;
				SDKROOT = iphoneos;
				VALIDATE_PRODUCT = YES;
			};
			name = Release;
		};
		188EF1C41CFE810800E86D51 /* Debug */ = {
			isa = XCBuildConfiguration;
			buildSettings = {
				ASSETCATALOG_COMPILER_APPICON_NAME = AppIcon;
				INFOPLIST_FILE = Keychain_Demo/Info.plist;
				LD_RUNPATH_SEARCH_PATHS = "$(inherited) @executable_path/Frameworks";
				PRODUCT_BUNDLE_IDENTIFIER = "cc.suzhenyu.Keychain-Demo";
				PRODUCT_NAME = "$(TARGET_NAME)";
			};
			name = Debug;
		};
		188EF1C51CFE810800E86D51 /* Release */ = {
			isa = XCBuildConfiguration;
			buildSettings = {
				ASSETCATALOG_COMPILER_APPICON_NAME = AppIcon;
				INFOPLIST_FILE = Keychain_Demo/Info.plist;
				LD_RUNPATH_SEARCH_PATHS = "$(inherited) @executable_path/Frameworks";
				PRODUCT_BUNDLE_IDENTIFIER = "cc.suzhenyu.Keychain-Demo";
				PRODUCT_NAME = "$(TARGET_NAME)";
			};
			name = Release;
		};
/* End XCBuildConfiguration section */

/* Begin XCConfigurationList section */
		188EF1A71CFE810800E86D51 /* Build configuration list for PBXProject "Keychain_Demo" */ = {
			isa = XCConfigurationList;
			buildConfigurations = (
				188EF1C11CFE810800E86D51 /* Debug */,
				188EF1C21CFE810800E86D51 /* Release */,
			);
			defaultConfigurationIsVisible = 0;
			defaultConfigurationName = Release;
		};
		188EF1C31CFE810800E86D51 /* Build configuration list for PBXNativeTarget "Keychain_Demo" */ = {
			isa = XCConfigurationList;
			buildConfigurations = (
				188EF1C41CFE810800E86D51 /* Debug */,
				188EF1C51CFE810800E86D51 /* Release */,
			);
			defaultConfigurationIsVisible = 0;
			defaultConfigurationName = Release;
		};
/* End XCConfigurationList section */
	};
	rootObject = 188EF1A41CFE810800E86D51 /* Project object */;
}
